MD5 (EISDataIO.py) = dee676d436f72bdb85e7b395c2d6b078
MD5 (EISPlot.py) = de1c328285f90dba16d8d897d000a148
MD5 (EquivalentCircuitModels.py) = f1254537d56288e134dc179feb8a9fd8
MD5 (scoring.py) = 85af36a49b63bfd9e4cc763a7b497d3a
MD5 (test_circuit_fitting.py) = 13891c5673389b969958ed92f5e99632
MD5 (test_circuit_parsing.py) = dac589eb442e9043d60c4a99f55f79ce
MD5 (test_submission_writing_and_scoring.py) = 0c019ed78a16650eeda594b43f7d9200
MD5 (utils.py) = 78245c0cabece93d065bce4eb7a038ad
